version: 1.0
shards:
  gphoto2:
    github: sija/gphoto2.cr
    commit: 8b25a7e01eb0548dd10ef82d1ae8feb2b90628c1

  hashids:
    github: splattael/hashids.cr
    commit: 8e4313820575a92c714440509b3c6f38dfa19c5b

  kemal:
    github: kemalcr/kemal
    commit: 1c527c2d94b032765fcb40640984c18b3b218f83

  kilt:
    github: jeromegn/kilt
    version: 0.3.3

  pool:
    github: ysbaddaden/pool
    commit: c4ecfad1b87fbd8c6484d1fd536ccfd14c40cc94

  radix:
    github: luislavena/radix
    version: 0.3.7

