version: 2.0
shards:
  ameba:
    git: https://github.com/crystal-ameba/ameba.git
    version: 0.14.2

  any_hash:
    git: https://github.com/sija/any_hash.cr.git
    version: 0.2.5

  backtracer:
    git: https://github.com/sija/backtracer.cr.git
    version: 1.2.1

  debug:
    git: https://github.com/sija/debug.cr.git
    version: 2.0.1

  exception_page:
    git: https://github.com/crystal-loot/exception_page.git
    version: 0.1.5

  gphoto2:
    git: https://github.com/sija/gphoto2.cr.git
    version: 0.9.1

  kemal:
    git: https://github.com/kemalcr/kemal.git
    version: 1.0.0

  kilt:
    git: https://github.com/jeromegn/kilt.git
    version: 0.4.1

  pool:
    git: https://github.com/ysbaddaden/pool.git
    version: 0.2.4

  radix:
    git: https://github.com/luislavena/radix.git
    version: 0.4.1

  raven:
    git: https://github.com/sija/raven.cr.git
    version: 1.9.1

